
Microsoft Visual Studio Solution File, Format Version 12.00
# Visual Studio Version 17
VisualStudioVersion = 17.14.36221.1
MinimumVisualStudioVersion = 10.0.40219.1
Project("{FAE04EC0-301F-11D3-BF4B-00C04F79EFBC}") = "WebAuthn2", "WebAuthn2\WebAuthn2.csproj", "{5C2FA600-D292-4994-A9D9-B6030EC26123}"
EndProject
Project("{FAE04EC0-301F-11D3-BF4B-00C04F79EFBC}") = "WebAuthn2.core", "DTo.data\WebAuthn2.core.csproj", "{E94C16BA-034F-41BD-B85C-A60E4925B59F}"
EndProject
Project("{FAE04EC0-301F-11D3-BF4B-00C04F79EFBC}") = "Data.data", "Data.data\Data.data.csproj", "{60E4C697-1B20-42CB-8667-AD26084DDA61}"
EndProject
Global
	GlobalSection(SolutionConfigurationPlatforms) = preSolution
		Debug|Any CPU = Debug|Any CPU
		Release|Any CPU = Release|Any CPU
	EndGlobalSection
	GlobalSection(ProjectConfigurationPlatforms) = postSolution
		{5C2FA600-D292-4994-A9D9-B6030EC26123}.Debug|Any CPU.ActiveCfg = Debug|Any CPU
		{5C2FA600-D292-4994-A9D9-B6030EC26123}.Debug|Any CPU.Build.0 = Debug|Any CPU
		{5C2FA600-D292-4994-A9D9-B6030EC26123}.Release|Any CPU.ActiveCfg = Release|Any CPU
		{5C2FA600-D292-4994-A9D9-B6030EC26123}.Release|Any CPU.Build.0 = Release|Any CPU
		{E94C16BA-034F-41BD-B85C-A60E4925B59F}.Debug|Any CPU.ActiveCfg = Debug|Any CPU
		{E94C16BA-034F-41BD-B85C-A60E4925B59F}.Debug|Any CPU.Build.0 = Debug|Any CPU
		{E94C16BA-034F-41BD-B85C-A60E4925B59F}.Release|Any CPU.ActiveCfg = Release|Any CPU
		{E94C16BA-034F-41BD-B85C-A60E4925B59F}.Release|Any CPU.Build.0 = Release|Any CPU
		{60E4C697-1B20-42CB-8667-AD26084DDA61}.Debug|Any CPU.ActiveCfg = Debug|Any CPU
		{60E4C697-1B20-42CB-8667-AD26084DDA61}.Debug|Any CPU.Build.0 = Debug|Any CPU
		{60E4C697-1B20-42CB-8667-AD26084DDA61}.Release|Any CPU.ActiveCfg = Release|Any CPU
		{60E4C697-1B20-42CB-8667-AD26084DDA61}.Release|Any CPU.Build.0 = Release|Any CPU
	EndGlobalSection
	GlobalSection(SolutionProperties) = preSolution
		HideSolutionNode = FALSE
	EndGlobalSection
	GlobalSection(ExtensibilityGlobals) = postSolution
		SolutionGuid = {3695D02E-2D79-4B63-B6DC-F671C3F9F74E}
	EndGlobalSection
EndGlobal
